{
    "_readme": [
        "This file locks the dependencies of your project to a known state",
        "Read more about it at https://getcomposer.org/doc/01-basic-usage.md#installing-dependencies",
        "This file is @generated automatically"
    ],
    "content-hash": "b84134fc2cbe5f3930e00bba8199c80e",
    "packages": [
        {
            "name": "myclassphp/src",
            "version": "v3.1.0",
            "source": {
                "type": "git",
                "url": "https://github.com/a1586256143/core.git",
                "reference": "4ef5203e13ec23be628e65ad489c7836e164c199"
            },
            "dist": {
                "type": "zip",
                "url": "https://api.github.com/repos/a1586256143/core/zipball/4ef5203e13ec23be628e65ad489c7836e164c199",
                "reference": "4ef5203e13ec23be628e65ad489c7836e164c199",
                "shasum": ""
            },
            "require": {
                "php": ">=5.3.0"
            },
            "type": "library",
            "notification-url": "https://packagist.org/downloads/",
            "license": [
                "MIT"
            ],
            "authors": [
                {
                    "name": "Colin",
                    "email": "amcolin@126.com"
                }
            ],
            "description": "The MyClassPHP Framework..",
            "time": "2019-04-01T07:44:20+00:00"
        }
    ],
    "packages-dev": [],
    "aliases": [],
    "minimum-stability": "stable",
    "stability-flags": [],
    "prefer-stable": false,
    "prefer-lowest": false,
    "platform": {
        "php": ">=5.3.0"
    },
    "platform-dev": []
}
